
Microsoft Visual Studio Solution File, Format Version 12.00
# Visual Studio Version 17
VisualStudioVersion = 17.14.36310.24 d17.14
MinimumVisualStudioVersion = 10.0.40219.1
Project("{FAE04EC0-301F-11D3-BF4B-00C04F79EFBC}") = "LoanAxis.Api", "LoanAxis.Api\LoanAxis.Api.csproj", "{F3D9C60B-5640-4E87-875D-D77FAC57E071}"
EndProject
Global
	GlobalSection(SolutionConfigurationPlatforms) = preSolution
		Debug|Any CPU = Debug|Any CPU
		Release|Any CPU = Release|Any CPU
	EndGlobalSection
	GlobalSection(ProjectConfigurationPlatforms) = postSolution
		{F3D9C60B-5640-4E87-875D-D77FAC57E071}.Debug|Any CPU.ActiveCfg = Debug|Any CPU
		{F3D9C60B-5640-4E87-875D-D77FAC57E071}.Debug|Any CPU.Build.0 = Debug|Any CPU
		{F3D9C60B-5640-4E87-875D-D77FAC57E071}.Release|Any CPU.ActiveCfg = Release|Any CPU
		{F3D9C60B-5640-4E87-875D-D77FAC57E071}.Release|Any CPU.Build.0 = Release|Any CPU
	EndGlobalSection
	GlobalSection(SolutionProperties) = preSolution
		HideSolutionNode = FALSE
	EndGlobalSection
	GlobalSection(ExtensibilityGlobals) = postSolution
		SolutionGuid = {8CED5CAB-72ED-40A7-9631-8ECA073096FA}
	EndGlobalSection
EndGlobal
